// !$*UTF8*$!
{
	archiveVersion = 1;
	classes = {
	};
	objectVersion = 56;
	objects = {

/* Begin PBXBuildFile section */
		2E290DBA29F2E5B200F24E12 /* TabBarView.swift in Sources */ = {isa = PBXBuildFile; fileRef = 2E290DB929F2E5B200F24E12 /* TabBarView.swift */; };
		2E290DBD29F2E89A00F24E12 /* SettingView.swift in Sources */ = {isa = PBXBuildFile; fileRef = 2E290DBC29F2E89A00F24E12 /* SettingView.swift */; };
		2E290DBF29F2E8A500F24E12 /* SettingViewModel.swift in Sources */ = {isa = PBXBuildFile; fileRef = 2E290DBE29F2E8A500F24E12 /* SettingViewModel.swift */; };
		2E290DC129F301C900F24E12 /* ChangeMeasureView.swift in Sources */ = {isa = PBXBuildFile; fileRef = 2E290DC029F301C900F24E12 /* ChangeMeasureView.swift */; };
		2E290DC329F301D800F24E12 /* ChangeMeasureViewModel.swift in Sources */ = {isa = PBXBuildFile; fileRef = 2E290DC229F301D800F24E12 /* ChangeMeasureViewModel.swift */; };
		2E37674829EFE4ED009516FE /* Realm in Frameworks */ = {isa = PBXBuildFile; productRef = 2E37674729EFE4ED009516FE /* Realm */; };
		2E37674A29EFE4ED009516FE /* RealmSwift in Frameworks */ = {isa = PBXBuildFile; productRef = 2E37674929EFE4ED009516FE /* RealmSwift */; };
		2E37674C29EFE686009516FE /* RealmServices.swift in Sources */ = {isa = PBXBuildFile; fileRef = 2E37674B29EFE686009516FE /* RealmServices.swift */; };
		2E48BB5429ED57C90008D0BD /* PositionModel.swift in Sources */ = {isa = PBXBuildFile; fileRef = 2E48BB5329ED57C90008D0BD /* PositionModel.swift */; };
		2E6014E129E9C92C004F11AC /* DefaultProduct.swift in Sources */ = {isa = PBXBuildFile; fileRef = 2E6014E029E9C92C004F11AC /* DefaultProduct.swift */; };
		2E6014E329E9CA6E004F11AC /* MainViewModel.swift in Sources */ = {isa = PBXBuildFile; fileRef = 2E6014E229E9CA6E004F11AC /* MainViewModel.swift */; };
		2E6014E529E9CA7B004F11AC /* AddProductViewModel.swift in Sources */ = {isa = PBXBuildFile; fileRef = 2E6014E429E9CA7B004F11AC /* AddProductViewModel.swift */; };
		2E9795B429E5B39D00F43C1B /* KitchenConverterApp.swift in Sources */ = {isa = PBXBuildFile; fileRef = 2E9795B329E5B39D00F43C1B /* KitchenConverterApp.swift */; };
		2E9795B629E5B39D00F43C1B /* MainView.swift in Sources */ = {isa = PBXBuildFile; fileRef = 2E9795B529E5B39D00F43C1B /* MainView.swift */; };
		2E9795B829E5B39E00F43C1B /* Assets.xcassets in Resources */ = {isa = PBXBuildFile; fileRef = 2E9795B729E5B39E00F43C1B /* Assets.xcassets */; };
		2E9795BB29E5B39E00F43C1B /* Preview Assets.xcassets in Resources */ = {isa = PBXBuildFile; fileRef = 2E9795BA29E5B39E00F43C1B /* Preview Assets.xcassets */; };
		2E9C58E529F3DD8C002DF696 /* ChangeProductViewModel.swift in Sources */ = {isa = PBXBuildFile; fileRef = 2E9C58E429F3DD8C002DF696 /* ChangeProductViewModel.swift */; };
		2E9C58E729F3DEC6002DF696 /* ChangeProductView.swift in Sources */ = {isa = PBXBuildFile; fileRef = 2E9C58E629F3DEC6002DF696 /* ChangeProductView.swift */; };
		2E9C58E929F3E9C4002DF696 /* TabBarViewModel.swift in Sources */ = {isa = PBXBuildFile; fileRef = 2E9C58E829F3E9C4002DF696 /* TabBarViewModel.swift */; };
		2EA1AFE029E9840400313E53 /* AddProductView.swift in Sources */ = {isa = PBXBuildFile; fileRef = 2EA1AFDF29E9840400313E53 /* AddProductView.swift */; };
		2EA2C63529E8328C008AD591 /* ProductModel.swift in Sources */ = {isa = PBXBuildFile; fileRef = 2EA2C63429E8328C008AD591 /* ProductModel.swift */; };
		2EC3B64B29EADD01001DF946 /* AddMeasureView.swift in Sources */ = {isa = PBXBuildFile; fileRef = 2EC3B64A29EADD01001DF946 /* AddMeasureView.swift */; };
		2EC3B64D29EADD22001DF946 /* AddMeasureViewModel.swift in Sources */ = {isa = PBXBuildFile; fileRef = 2EC3B64C29EADD22001DF946 /* AddMeasureViewModel.swift */; };
		2EC3B65129EAE011001DF946 /* MeasureModel.swift in Sources */ = {isa = PBXBuildFile; fileRef = 2EC3B65029EAE011001DF946 /* MeasureModel.swift */; };
		2EC3B65329EAE04C001DF946 /* DefaultMeasure.swift in Sources */ = {isa = PBXBuildFile; fileRef = 2EC3B65229EAE04C001DF946 /* DefaultMeasure.swift */; };
/* End PBXBuildFile section */

/* Begin PBXFileReference section */
		2E290DB929F2E5B200F24E12 /* TabBarView.swift */ = {isa = PBXFileReference; lastKnownFileType = sourcecode.swift; path = TabBarView.swift; sourceTree = "<group>"; };
		2E290DBC29F2E89A00F24E12 /* SettingView.swift */ = {isa = PBXFileReference; lastKnownFileType = sourcecode.swift; path = SettingView.swift; sourceTree = "<group>"; };
		2E290DBE29F2E8A500F24E12 /* SettingViewModel.swift */ = {isa = PBXFileReference; lastKnownFileType = sourcecode.swift; path = SettingViewModel.swift; sourceTree = "<group>"; };
		2E290DC029F301C900F24E12 /* ChangeMeasureView.swift */ = {isa = PBXFileReference; lastKnownFileType = sourcecode.swift; path = ChangeMeasureView.swift; sourceTree = "<group>"; };
		2E290DC229F301D800F24E12 /* ChangeMeasureViewModel.swift */ = {isa = PBXFileReference; lastKnownFileType = sourcecode.swift; path = ChangeMeasureViewModel.swift; sourceTree = "<group>"; };
		2E37674B29EFE686009516FE /* RealmServices.swift */ = {isa = PBXFileReference; lastKnownFileType = sourcecode.swift; path = RealmServices.swift; sourceTree = "<group>"; };
		2E48BB5329ED57C90008D0BD /* PositionModel.swift */ = {isa = PBXFileReference; lastKnownFileType = sourcecode.swift; path = PositionModel.swift; sourceTree = "<group>"; };
		2E6014E029E9C92C004F11AC /* DefaultProduct.swift */ = {isa = PBXFileReference; lastKnownFileType = sourcecode.swift; path = DefaultProduct.swift; sourceTree = "<group>"; };
		2E6014E229E9CA6E004F11AC /* MainViewModel.swift */ = {isa = PBXFileReference; lastKnownFileType = sourcecode.swift; path = MainViewModel.swift; sourceTree = "<group>"; };
		2E6014E429E9CA7B004F11AC /* AddProductViewModel.swift */ = {isa = PBXFileReference; lastKnownFileType = sourcecode.swift; path = AddProductViewModel.swift; sourceTree = "<group>"; };
		2E9795B029E5B39D00F43C1B /* KitchenConverter.app */ = {isa = PBXFileReference; explicitFileType = wrapper.application; includeInIndex = 0; path = KitchenConverter.app; sourceTree = BUILT_PRODUCTS_DIR; };
		2E9795B329E5B39D00F43C1B /* KitchenConverterApp.swift */ = {isa = PBXFileReference; lastKnownFileType = sourcecode.swift; path = KitchenConverterApp.swift; sourceTree = "<group>"; };
		2E9795B529E5B39D00F43C1B /* MainView.swift */ = {isa = PBXFileReference; lastKnownFileType = sourcecode.swift; path = MainView.swift; sourceTree = "<group>"; };
		2E9795B729E5B39E00F43C1B /* Assets.xcassets */ = {isa = PBXFileReference; lastKnownFileType = folder.assetcatalog; path = Assets.xcassets; sourceTree = "<group>"; };
		2E9795BA29E5B39E00F43C1B /* Preview Assets.xcassets */ = {isa = PBXFileReference; lastKnownFileType = folder.assetcatalog; path = "Preview Assets.xcassets"; sourceTree = "<group>"; };
		2E9C58E429F3DD8C002DF696 /* ChangeProductViewModel.swift */ = {isa = PBXFileReference; lastKnownFileType = sourcecode.swift; path = ChangeProductViewModel.swift; sourceTree = "<group>"; };
		2E9C58E629F3DEC6002DF696 /* ChangeProductView.swift */ = {isa = PBXFileReference; lastKnownFileType = sourcecode.swift; path = ChangeProductView.swift; sourceTree = "<group>"; };
		2E9C58E829F3E9C4002DF696 /* TabBarViewModel.swift */ = {isa = PBXFileReference; lastKnownFileType = sourcecode.swift; path = TabBarViewModel.swift; sourceTree = "<group>"; };
		2EA1AFDF29E9840400313E53 /* AddProductView.swift */ = {isa = PBXFileReference; lastKnownFileType = sourcecode.swift; path = AddProductView.swift; sourceTree = "<group>"; };
		2EA2C63429E8328C008AD591 /* ProductModel.swift */ = {isa = PBXFileReference; lastKnownFileType = sourcecode.swift; path = ProductModel.swift; sourceTree = "<group>"; };
		2EC3B64A29EADD01001DF946 /* AddMeasureView.swift */ = {isa = PBXFileReference; lastKnownFileType = sourcecode.swift; path = AddMeasureView.swift; sourceTree = "<group>"; };
		2EC3B64C29EADD22001DF946 /* AddMeasureViewModel.swift */ = {isa = PBXFileReference; lastKnownFileType = sourcecode.swift; path = AddMeasureViewModel.swift; sourceTree = "<group>"; };
		2EC3B65029EAE011001DF946 /* MeasureModel.swift */ = {isa = PBXFileReference; lastKnownFileType = sourcecode.swift; path = MeasureModel.swift; sourceTree = "<group>"; };
		2EC3B65229EAE04C001DF946 /* DefaultMeasure.swift */ = {isa = PBXFileReference; lastKnownFileType = sourcecode.swift; path = DefaultMeasure.swift; sourceTree = "<group>"; };
/* End PBXFileReference section */

/* Begin PBXFrameworksBuildPhase section */
		2E9795AD29E5B39D00F43C1B /* Frameworks */ = {
			isa = PBXFrameworksBuildPhase;
			buildActionMask = 2147483647;
			files = (
				2E37674A29EFE4ED009516FE /* RealmSwift in Frameworks */,
				2E37674829EFE4ED009516FE /* Realm in Frameworks */,
			);
			runOnlyForDeploymentPostprocessing = 0;
		};
/* End PBXFrameworksBuildPhase section */

/* Begin PBXGroup section */
		2E37674D29F0296D009516FE /* Service */ = {
			isa = PBXGroup;
			children = (
				2E37674B29EFE686009516FE /* RealmServices.swift */,
			);
			path = Service;
			sourceTree = "<group>";
		};
		2E37674E29F0297E009516FE /* DataSource */ = {
			isa = PBXGroup;
			children = (
				2EC3B65229EAE04C001DF946 /* DefaultMeasure.swift */,
				2E6014E029E9C92C004F11AC /* DefaultProduct.swift */,
			);
			path = DataSource;
			sourceTree = "<group>";
		};
		2E6014E629E9CA89004F11AC /* ViewModel */ = {
			isa = PBXGroup;
			children = (
				2E9C58E829F3E9C4002DF696 /* TabBarViewModel.swift */,
				2E6014E229E9CA6E004F11AC /* MainViewModel.swift */,
				2E6014E429E9CA7B004F11AC /* AddProductViewModel.swift */,
				2E9C58E429F3DD8C002DF696 /* ChangeProductViewModel.swift */,
				2EC3B64C29EADD22001DF946 /* AddMeasureViewModel.swift */,
				2E290DC229F301D800F24E12 /* ChangeMeasureViewModel.swift */,
				2E290DBE29F2E8A500F24E12 /* SettingViewModel.swift */,
			);
			path = ViewModel;
			sourceTree = "<group>";
		};
		2E6014E729E9CB9D004F11AC /* Model */ = {
			isa = PBXGroup;
			children = (
				2EA2C63429E8328C008AD591 /* ProductModel.swift */,
				2E48BB5329ED57C90008D0BD /* PositionModel.swift */,
				2EC3B65029EAE011001DF946 /* MeasureModel.swift */,
				2E37674E29F0297E009516FE /* DataSource */,
			);
			path = Model;
			sourceTree = "<group>";
		};
		2E9795A729E5B39D00F43C1B = {
			isa = PBXGroup;
			children = (
				2E9795B229E5B39D00F43C1B /* KitchenConverter */,
				2E9795B129E5B39D00F43C1B /* Products */,
			);
			sourceTree = "<group>";
		};
		2E9795B129E5B39D00F43C1B /* Products */ = {
			isa = PBXGroup;
			children = (
				2E9795B029E5B39D00F43C1B /* KitchenConverter.app */,
			);
			name = Products;
			sourceTree = "<group>";
		};
		2E9795B229E5B39D00F43C1B /* KitchenConverter */ = {
			isa = PBXGroup;
			children = (
				2E9795B329E5B39D00F43C1B /* KitchenConverterApp.swift */,
				2E6014E629E9CA89004F11AC /* ViewModel */,
				2EA2C63629E84D94008AD591 /* View */,
				2E6014E729E9CB9D004F11AC /* Model */,
				2E9795B729E5B39E00F43C1B /* Assets.xcassets */,
				2E9795B929E5B39E00F43C1B /* Preview Content */,
				2E37674D29F0296D009516FE /* Service */,
			);
			path = KitchenConverter;
			sourceTree = "<group>";
		};
		2E9795B929E5B39E00F43C1B /* Preview Content */ = {
			isa = PBXGroup;
			children = (
				2E9795BA29E5B39E00F43C1B /* Preview Assets.xcassets */,
			);
			path = "Preview Content";
			sourceTree = "<group>";
		};
		2EA2C63629E84D94008AD591 /* View */ = {
			isa = PBXGroup;
			children = (
				2E290DB929F2E5B200F24E12 /* TabBarView.swift */,
				2E9795B529E5B39D00F43C1B /* MainView.swift */,
				2EA1AFDF29E9840400313E53 /* AddProductView.swift */,
				2E9C58E629F3DEC6002DF696 /* ChangeProductView.swift */,
				2EC3B64A29EADD01001DF946 /* AddMeasureView.swift */,
				2E290DC029F301C900F24E12 /* ChangeMeasureView.swift */,
				2E290DBC29F2E89A00F24E12 /* SettingView.swift */,
			);
			path = View;
			sourceTree = "<group>";
		};
/* End PBXGroup section */

/* Begin PBXNativeTarget section */
		2E9795AF29E5B39D00F43C1B /* KitchenConverter */ = {
			isa = PBXNativeTarget;
			buildConfigurationList = 2E9795BE29E5B39E00F43C1B /* Build configuration list for PBXNativeTarget "KitchenConverter" */;
			buildPhases = (
				2E9795AC29E5B39D00F43C1B /* Sources */,
				2E9795AD29E5B39D00F43C1B /* Frameworks */,
				2E9795AE29E5B39D00F43C1B /* Resources */,
			);
			buildRules = (
			);
			dependencies = (
			);
			name = KitchenConverter;
			packageProductDependencies = (
				2E37674729EFE4ED009516FE /* Realm */,
				2E37674929EFE4ED009516FE /* RealmSwift */,
			);
			productName = KitchenConverter;
			productReference = 2E9795B029E5B39D00F43C1B /* KitchenConverter.app */;
			productType = "com.apple.product-type.application";
		};
/* End PBXNativeTarget section */

/* Begin PBXProject section */
		2E9795A829E5B39D00F43C1B /* Project object */ = {
			isa = PBXProject;
			attributes = {
				BuildIndependentTargetsInParallel = 1;
				LastSwiftUpdateCheck = 1430;
				LastUpgradeCheck = 1430;
				TargetAttributes = {
					2E9795AF29E5B39D00F43C1B = {
						CreatedOnToolsVersion = 14.3;
					};
				};
			};
			buildConfigurationList = 2E9795AB29E5B39D00F43C1B /* Build configuration list for PBXProject "KitchenConverter" */;
			compatibilityVersion = "Xcode 14.0";
			developmentRegion = en;
			hasScannedForEncodings = 0;
			knownRegions = (
				en,
				Base,
			);
			mainGroup = 2E9795A729E5B39D00F43C1B;
			packageReferences = (
				2E37674629EFE4ED009516FE /* XCRemoteSwiftPackageReference "realm-swift" */,
			);
			productRefGroup = 2E9795B129E5B39D00F43C1B /* Products */;
			projectDirPath = "";
			projectRoot = "";
			targets = (
				2E9795AF29E5B39D00F43C1B /* KitchenConverter */,
			);
		};
/* End PBXProject section */

/* Begin PBXResourcesBuildPhase section */
		2E9795AE29E5B39D00F43C1B /* Resources */ = {
			isa = PBXResourcesBuildPhase;
			buildActionMask = 2147483647;
			files = (
				2E9795BB29E5B39E00F43C1B /* Preview Assets.xcassets in Resources */,
				2E9795B829E5B39E00F43C1B /* Assets.xcassets in Resources */,
			);
			runOnlyForDeploymentPostprocessing = 0;
		};
/* End PBXResourcesBuildPhase section */

/* Begin PBXSourcesBuildPhase section */
		2E9795AC29E5B39D00F43C1B /* Sources */ = {
			isa = PBXSourcesBuildPhase;
			buildActionMask = 2147483647;
			files = (
				2E48BB5429ED57C90008D0BD /* PositionModel.swift in Sources */,
				2EC3B65129EAE011001DF946 /* MeasureModel.swift in Sources */,
				2E290DBA29F2E5B200F24E12 /* TabBarView.swift in Sources */,
				2E290DC129F301C900F24E12 /* ChangeMeasureView.swift in Sources */,
				2EA1AFE029E9840400313E53 /* AddProductView.swift in Sources */,
				2EC3B65329EAE04C001DF946 /* DefaultMeasure.swift in Sources */,
				2E37674C29EFE686009516FE /* RealmServices.swift in Sources */,
				2E290DC329F301D800F24E12 /* ChangeMeasureViewModel.swift in Sources */,
				2E9C58E729F3DEC6002DF696 /* ChangeProductView.swift in Sources */,
				2E290DBD29F2E89A00F24E12 /* SettingView.swift in Sources */,
				2E6014E129E9C92C004F11AC /* DefaultProduct.swift in Sources */,
				2EC3B64D29EADD22001DF946 /* AddMeasureViewModel.swift in Sources */,
				2EC3B64B29EADD01001DF946 /* AddMeasureView.swift in Sources */,
				2E9795B629E5B39D00F43C1B /* MainView.swift in Sources */,
				2E290DBF29F2E8A500F24E12 /* SettingViewModel.swift in Sources */,
				2EA2C63529E8328C008AD591 /* ProductModel.swift in Sources */,
				2E6014E529E9CA7B004F11AC /* AddProductViewModel.swift in Sources */,
				2E9795B429E5B39D00F43C1B /* KitchenConverterApp.swift in Sources */,
				2E9C58E529F3DD8C002DF696 /* ChangeProductViewModel.swift in Sources */,
				2E9C58E929F3E9C4002DF696 /* TabBarViewModel.swift in Sources */,
				2E6014E329E9CA6E004F11AC /* MainViewModel.swift in Sources */,
			);
			runOnlyForDeploymentPostprocessing = 0;
		};
/* End PBXSourcesBuildPhase section */

/* Begin XCBuildConfiguration section */
		2E9795BC29E5B39E00F43C1B /* Debug */ = {
			isa = XCBuildConfiguration;
			buildSettings = {
				ALWAYS_SEARCH_USER_PATHS = NO;
				CLANG_ANALYZER_NONNULL = YES;
				CLANG_ANALYZER_NUMBER_OBJECT_CONVERSION = YES_AGGRESSIVE;
				CLANG_CXX_LANGUAGE_STANDARD = "gnu++20";
				CLANG_ENABLE_MODULES = YES;
				CLANG_ENABLE_OBJC_ARC = YES;
				CLANG_ENABLE_OBJC_WEAK = YES;
				CLANG_WARN_BLOCK_CAPTURE_AUTORELEASING = YES;
				CLANG_WARN_BOOL_CONVERSION = YES;
				CLANG_WARN_COMMA = YES;
				CLANG_WARN_CONSTANT_CONVERSION = YES;
				CLANG_WARN_DEPRECATED_OBJC_IMPLEMENTATIONS = YES;
				CLANG_WARN_DIRECT_OBJC_ISA_USAGE = YES_ERROR;
				CLANG_WARN_DOCUMENTATION_COMMENTS = YES;
				CLANG_WARN_EMPTY_BODY = YES;
				CLANG_WARN_ENUM_CONVERSION = YES;
				CLANG_WARN_INFINITE_RECURSION = YES;
				CLANG_WARN_INT_CONVERSION = YES;
				CLANG_WARN_NON_LITERAL_NULL_CONVERSION = YES;
				CLANG_WARN_OBJC_IMPLICIT_RETAIN_SELF = YES;
				CLANG_WARN_OBJC_LITERAL_CONVERSION = YES;
				CLANG_WARN_OBJC_ROOT_CLASS = YES_ERROR;
				CLANG_WARN_QUOTED_INCLUDE_IN_FRAMEWORK_HEADER = YES;
				CLANG_WARN_RANGE_LOOP_ANALYSIS = YES;
				CLANG_WARN_STRICT_PROTOTYPES = YES;
				CLANG_WARN_SUSPICIOUS_MOVE = YES;
				CLANG_WARN_UNGUARDED_AVAILABILITY = YES_AGGRESSIVE;
				CLANG_WARN_UNREACHABLE_CODE = YES;
				CLANG_WARN__DUPLICATE_METHOD_MATCH = YES;
				COPY_PHASE_STRIP = NO;
				DEBUG_INFORMATION_FORMAT = dwarf;
				ENABLE_STRICT_OBJC_MSGSEND = YES;
				ENABLE_TESTABILITY = YES;
				GCC_C_LANGUAGE_STANDARD = gnu11;
				GCC_DYNAMIC_NO_PIC = NO;
				GCC_NO_COMMON_BLOCKS = YES;
				GCC_OPTIMIZATION_LEVEL = 0;
				GCC_PREPROCESSOR_DEFINITIONS = (
					"DEBUG=1",
					"$(inherited)",
				);
				GCC_WARN_64_TO_32_BIT_CONVERSION = YES;
				GCC_WARN_ABOUT_RETURN_TYPE = YES_ERROR;
				GCC_WARN_UNDECLARED_SELECTOR = YES;
				GCC_WARN_UNINITIALIZED_AUTOS = YES_AGGRESSIVE;
				GCC_WARN_UNUSED_FUNCTION = YES;
				GCC_WARN_UNUSED_VARIABLE = YES;
				IPHONEOS_DEPLOYMENT_TARGET = 16.4;
				MTL_ENABLE_DEBUG_INFO = INCLUDE_SOURCE;
				MTL_FAST_MATH = YES;
				ONLY_ACTIVE_ARCH = YES;
				SDKROOT = iphoneos;
				SWIFT_ACTIVE_COMPILATION_CONDITIONS = DEBUG;
				SWIFT_OPTIMIZATION_LEVEL = "-Onone";
			};
			name = Debug;
		};
		2E9795BD29E5B39E00F43C1B /* Release */ = {
			isa = XCBuildConfiguration;
			buildSettings = {
				ALWAYS_SEARCH_USER_PATHS = NO;
				CLANG_ANALYZER_NONNULL = YES;
				CLANG_ANALYZER_NUMBER_OBJECT_CONVERSION = YES_AGGRESSIVE;
				CLANG_CXX_LANGUAGE_STANDARD = "gnu++20";
				CLANG_ENABLE_MODULES = YES;
				CLANG_ENABLE_OBJC_ARC = YES;
				CLANG_ENABLE_OBJC_WEAK = YES;
				CLANG_WARN_BLOCK_CAPTURE_AUTORELEASING = YES;
				CLANG_WARN_BOOL_CONVERSION = YES;
				CLANG_WARN_COMMA = YES;
				CLANG_WARN_CONSTANT_CONVERSION = YES;
				CLANG_WARN_DEPRECATED_OBJC_IMPLEMENTATIONS = YES;
				CLANG_WARN_DIRECT_OBJC_ISA_USAGE = YES_ERROR;
				CLANG_WARN_DOCUMENTATION_COMMENTS = YES;
				CLANG_WARN_EMPTY_BODY = YES;
				CLANG_WARN_ENUM_CONVERSION = YES;
				CLANG_WARN_INFINITE_RECURSION = YES;
				CLANG_WARN_INT_CONVERSION = YES;
				CLANG_WARN_NON_LITERAL_NULL_CONVERSION = YES;
				CLANG_WARN_OBJC_IMPLICIT_RETAIN_SELF = YES;
				CLANG_WARN_OBJC_LITERAL_CONVERSION = YES;
				CLANG_WARN_OBJC_ROOT_CLASS = YES_ERROR;
				CLANG_WARN_QUOTED_INCLUDE_IN_FRAMEWORK_HEADER = YES;
				CLANG_WARN_RANGE_LOOP_ANALYSIS = YES;
				CLANG_WARN_STRICT_PROTOTYPES = YES;
				CLANG_WARN_SUSPICIOUS_MOVE = YES;
				CLANG_WARN_UNGUARDED_AVAILABILITY = YES_AGGRESSIVE;
				CLANG_WARN_UNREACHABLE_CODE = YES;
				CLANG_WARN__DUPLICATE_METHOD_MATCH = YES;
				COPY_PHASE_STRIP = NO;
				DEBUG_INFORMATION_FORMAT = "dwarf-with-dsym";
				ENABLE_NS_ASSERTIONS = NO;
				ENABLE_STRICT_OBJC_MSGSEND = YES;
				GCC_C_LANGUAGE_STANDARD = gnu11;
				GCC_NO_COMMON_BLOCKS = YES;
				GCC_WARN_64_TO_32_BIT_CONVERSION = YES;
				GCC_WARN_ABOUT_RETURN_TYPE = YES_ERROR;
				GCC_WARN_UNDECLARED_SELECTOR = YES;
				GCC_WARN_UNINITIALIZED_AUTOS = YES_AGGRESSIVE;
				GCC_WARN_UNUSED_FUNCTION = YES;
				GCC_WARN_UNUSED_VARIABLE = YES;
				IPHONEOS_DEPLOYMENT_TARGET = 16.4;
				MTL_ENABLE_DEBUG_INFO = NO;
				MTL_FAST_MATH = YES;
				SDKROOT = iphoneos;
				SWIFT_COMPILATION_MODE = wholemodule;
				SWIFT_OPTIMIZATION_LEVEL = "-O";
				VALIDATE_PRODUCT = YES;
			};
			name = Release;
		};
		2E9795BF29E5B39E00F43C1B /* Debug */ = {
			isa = XCBuildConfiguration;
			buildSettings = {
				ASSETCATALOG_COMPILER_APPICON_NAME = AppIcon;
				ASSETCATALOG_COMPILER_GLOBAL_ACCENT_COLOR_NAME = AccentColor;
				CODE_SIGN_STYLE = Automatic;
				CURRENT_PROJECT_VERSION = 1;
				DEVELOPMENT_ASSET_PATHS = "\"KitchenConverter/Preview Content\"";
				DEVELOPMENT_TEAM = P6R38RDHSX;
				ENABLE_PREVIEWS = YES;
				GENERATE_INFOPLIST_FILE = YES;
				INFOPLIST_KEY_UIApplicationSceneManifest_Generation = YES;
				INFOPLIST_KEY_UIApplicationSupportsIndirectInputEvents = YES;
				INFOPLIST_KEY_UILaunchScreen_Generation = YES;
				INFOPLIST_KEY_UILaunchStoryboardName = "/Users/Apple1/Desktop/Снимок экрана 2023-04-20 в 11.48.12.png";
				INFOPLIST_KEY_UISupportedInterfaceOrientations_iPad = "UIInterfaceOrientationPortrait UIInterfaceOrientationPortraitUpsideDown UIInterfaceOrientationLandscapeLeft UIInterfaceOrientationLandscapeRight";
				INFOPLIST_KEY_UISupportedInterfaceOrientations_iPhone = "UIInterfaceOrientationPortrait UIInterfaceOrientationLandscapeLeft UIInterfaceOrientationLandscapeRight";
				LD_RUNPATH_SEARCH_PATHS = (
					"$(inherited)",
					"@executable_path/Frameworks",
				);
				MARKETING_VERSION = 1.0;
				PRODUCT_BUNDLE_IDENTIFIER = "-.KitchenConverter";
				PRODUCT_NAME = "$(TARGET_NAME)";
				SWIFT_EMIT_LOC_STRINGS = YES;
				SWIFT_VERSION = 5.0;
				TARGETED_DEVICE_FAMILY = "1,2";
			};
			name = Debug;
		};
		2E9795C029E5B39E00F43C1B /* Release */ = {
			isa = XCBuildConfiguration;
			buildSettings = {
				ASSETCATALOG_COMPILER_APPICON_NAME = AppIcon;
				ASSETCATALOG_COMPILER_GLOBAL_ACCENT_COLOR_NAME = AccentColor;
				CODE_SIGN_STYLE = Automatic;
				CURRENT_PROJECT_VERSION = 1;
				DEVELOPMENT_ASSET_PATHS = "\"KitchenConverter/Preview Content\"";
				DEVELOPMENT_TEAM = P6R38RDHSX;
				ENABLE_PREVIEWS = YES;
				GENERATE_INFOPLIST_FILE = YES;
				INFOPLIST_KEY_UIApplicationSceneManifest_Generation = YES;
				INFOPLIST_KEY_UIApplicationSupportsIndirectInputEvents = YES;
				INFOPLIST_KEY_UILaunchScreen_Generation = YES;
				INFOPLIST_KEY_UILaunchStoryboardName = "/Users/Apple1/Desktop/Снимок экрана 2023-04-20 в 11.48.12.png";
				INFOPLIST_KEY_UISupportedInterfaceOrientations_iPad = "UIInterfaceOrientationPortrait UIInterfaceOrientationPortraitUpsideDown UIInterfaceOrientationLandscapeLeft UIInterfaceOrientationLandscapeRight";
				INFOPLIST_KEY_UISupportedInterfaceOrientations_iPhone = "UIInterfaceOrientationPortrait UIInterfaceOrientationLandscapeLeft UIInterfaceOrientationLandscapeRight";
				LD_RUNPATH_SEARCH_PATHS = (
					"$(inherited)",
					"@executable_path/Frameworks",
				);
				MARKETING_VERSION = 1.0;
				PRODUCT_BUNDLE_IDENTIFIER = "-.KitchenConverter";
				PRODUCT_NAME = "$(TARGET_NAME)";
				SWIFT_EMIT_LOC_STRINGS = YES;
				SWIFT_VERSION = 5.0;
				TARGETED_DEVICE_FAMILY = "1,2";
			};
			name = Release;
		};
/* End XCBuildConfiguration section */

/* Begin XCConfigurationList section */
		2E9795AB29E5B39D00F43C1B /* Build configuration list for PBXProject "KitchenConverter" */ = {
			isa = XCConfigurationList;
			buildConfigurations = (
				2E9795BC29E5B39E00F43C1B /* Debug */,
				2E9795BD29E5B39E00F43C1B /* Release */,
			);
			defaultConfigurationIsVisible = 0;
			defaultConfigurationName = Release;
		};
		2E9795BE29E5B39E00F43C1B /* Build configuration list for PBXNativeTarget "KitchenConverter" */ = {
			isa = XCConfigurationList;
			buildConfigurations = (
				2E9795BF29E5B39E00F43C1B /* Debug */,
				2E9795C029E5B39E00F43C1B /* Release */,
			);
			defaultConfigurationIsVisible = 0;
			defaultConfigurationName = Release;
		};
/* End XCConfigurationList section */

/* Begin XCRemoteSwiftPackageReference section */
		2E37674629EFE4ED009516FE /* XCRemoteSwiftPackageReference "realm-swift" */ = {
			isa = XCRemoteSwiftPackageReference;
			repositoryURL = "https://github.com/realm/realm-swift.git";
			requirement = {
				branch = master;
				kind = branch;
			};
		};
/* End XCRemoteSwiftPackageReference section */

/* Begin XCSwiftPackageProductDependency section */
		2E37674729EFE4ED009516FE /* Realm */ = {
			isa = XCSwiftPackageProductDependency;
			package = 2E37674629EFE4ED009516FE /* XCRemoteSwiftPackageReference "realm-swift" */;
			productName = Realm;
		};
		2E37674929EFE4ED009516FE /* RealmSwift */ = {
			isa = XCSwiftPackageProductDependency;
			package = 2E37674629EFE4ED009516FE /* XCRemoteSwiftPackageReference "realm-swift" */;
			productName = RealmSwift;
		};
/* End XCSwiftPackageProductDependency section */
	};
	rootObject = 2E9795A829E5B39D00F43C1B /* Project object */;
}
